
Microsoft Visual Studio Solution File, Format Version 12.00
# Visual Studio Version 17
VisualStudioVersion = 17.0.32112.339
MinimumVisualStudioVersion = 10.0.40219.1
Project("{9A19103F-16F7-4668-BE54-9A1E7A4F7556}") = "prjOOPS", "prjOOPS\prjOOPS.csproj", "{603F5C21-B88D-408C-86CF-E3E599F634A3}"
EndProject
Project("{9A19103F-16F7-4668-BE54-9A1E7A4F7556}") = "Inheritence", "Inheritence\Inheritence.csproj", "{D3E377C3-119E-43E4-A986-426BECC725BE}"
EndProject
Project("{FAE04EC0-301F-11D3-BF4B-00C04F79EFBC}") = "InheritenceConcepts", "InheritenceConcepts\InheritenceConcepts.csproj", "{3160FA19-A3CC-4E88-A627-F5805C6270E8}"
EndProject
Project("{FAE04EC0-301F-11D3-BF4B-00C04F79EFBC}") = "Exceptionhadling1", "Exceptionhadling1\Exceptionhadling1.csproj", "{5DF6A5DA-AFF7-4EFF-9054-616A375C3F68}"
EndProject
Project("{FAE04EC0-301F-11D3-BF4B-00C04F79EFBC}") = "generics", "generics\generics.csproj", "{E66BFB1B-E4A2-4AF8-814B-D83BA7B88C2B}"
EndProject
Global
	GlobalSection(SolutionConfigurationPlatforms) = preSolution
		Debug|Any CPU = Debug|Any CPU
		Release|Any CPU = Release|Any CPU
	EndGlobalSection
	GlobalSection(ProjectConfigurationPlatforms) = postSolution
		{603F5C21-B88D-408C-86CF-E3E599F634A3}.Debug|Any CPU.ActiveCfg = Debug|Any CPU
		{603F5C21-B88D-408C-86CF-E3E599F634A3}.Debug|Any CPU.Build.0 = Debug|Any CPU
		{603F5C21-B88D-408C-86CF-E3E599F634A3}.Release|Any CPU.ActiveCfg = Release|Any CPU
		{603F5C21-B88D-408C-86CF-E3E599F634A3}.Release|Any CPU.Build.0 = Release|Any CPU
		{D3E377C3-119E-43E4-A986-426BECC725BE}.Debug|Any CPU.ActiveCfg = Debug|Any CPU
		{D3E377C3-119E-43E4-A986-426BECC725BE}.Debug|Any CPU.Build.0 = Debug|Any CPU
		{D3E377C3-119E-43E4-A986-426BECC725BE}.Release|Any CPU.ActiveCfg = Release|Any CPU
		{D3E377C3-119E-43E4-A986-426BECC725BE}.Release|Any CPU.Build.0 = Release|Any CPU
		{3160FA19-A3CC-4E88-A627-F5805C6270E8}.Debug|Any CPU.ActiveCfg = Debug|Any CPU
		{3160FA19-A3CC-4E88-A627-F5805C6270E8}.Debug|Any CPU.Build.0 = Debug|Any CPU
		{3160FA19-A3CC-4E88-A627-F5805C6270E8}.Release|Any CPU.ActiveCfg = Release|Any CPU
		{3160FA19-A3CC-4E88-A627-F5805C6270E8}.Release|Any CPU.Build.0 = Release|Any CPU
		{5DF6A5DA-AFF7-4EFF-9054-616A375C3F68}.Debug|Any CPU.ActiveCfg = Debug|Any CPU
		{5DF6A5DA-AFF7-4EFF-9054-616A375C3F68}.Debug|Any CPU.Build.0 = Debug|Any CPU
		{5DF6A5DA-AFF7-4EFF-9054-616A375C3F68}.Release|Any CPU.ActiveCfg = Release|Any CPU
		{5DF6A5DA-AFF7-4EFF-9054-616A375C3F68}.Release|Any CPU.Build.0 = Release|Any CPU
		{E66BFB1B-E4A2-4AF8-814B-D83BA7B88C2B}.Debug|Any CPU.ActiveCfg = Debug|Any CPU
		{E66BFB1B-E4A2-4AF8-814B-D83BA7B88C2B}.Debug|Any CPU.Build.0 = Debug|Any CPU
		{E66BFB1B-E4A2-4AF8-814B-D83BA7B88C2B}.Release|Any CPU.ActiveCfg = Release|Any CPU
		{E66BFB1B-E4A2-4AF8-814B-D83BA7B88C2B}.Release|Any CPU.Build.0 = Release|Any CPU
	EndGlobalSection
	GlobalSection(SolutionProperties) = preSolution
		HideSolutionNode = FALSE
	EndGlobalSection
	GlobalSection(ExtensibilityGlobals) = postSolution
		SolutionGuid = {B4943BD8-5988-4C61-8468-534D0D8A5028}
	EndGlobalSection
EndGlobal
